
Microsoft Visual Studio Solution File, Format Version 12.00
# Visual Studio Version 16
VisualStudioVersion = 16.0.29102.190
MinimumVisualStudioVersion = 10.0.40219.1
Project("{8BC9CEB8-8B4A-11D0-8D11-00A0C91BC942}") = "binkw32", "binkw32.vcxproj", "{FDF09FCD-59FF-4B00-8948-0AFCDA6BD5BD}"
EndProject
Global
	GlobalSection(SolutionConfigurationPlatforms) = preSolution
		Debug|x64 = Debug|x64
		Debug|x86 = Debug|x86
		Release|x64 = Release|x64
		Release|x86 = Release|x86
	EndGlobalSection
	GlobalSection(ProjectConfigurationPlatforms) = postSolution
		{FDF09FCD-59FF-4B00-8948-0AFCDA6BD5BD}.Debug|x64.ActiveCfg = Debug|x64
		{FDF09FCD-59FF-4B00-8948-0AFCDA6BD5BD}.Debug|x64.Build.0 = Debug|x64
		{FDF09FCD-59FF-4B00-8948-0AFCDA6BD5BD}.Debug|x86.ActiveCfg = Debug|Win32
		{FDF09FCD-59FF-4B00-8948-0AFCDA6BD5BD}.Debug|x86.Build.0 = Debug|Win32
		{FDF09FCD-59FF-4B00-8948-0AFCDA6BD5BD}.Release|x64.ActiveCfg = Release|x64
		{FDF09FCD-59FF-4B00-8948-0AFCDA6BD5BD}.Release|x64.Build.0 = Release|x64
		{FDF09FCD-59FF-4B00-8948-0AFCDA6BD5BD}.Release|x86.ActiveCfg = Release|Win32
		{FDF09FCD-59FF-4B00-8948-0AFCDA6BD5BD}.Release|x86.Build.0 = Release|Win32
	EndGlobalSection
	GlobalSection(SolutionProperties) = preSolution
		HideSolutionNode = FALSE
	EndGlobalSection
	GlobalSection(ExtensibilityGlobals) = postSolution
		SolutionGuid = {09DEFA3D-BE98-4C9C-9492-D9AF0C2C8D03}
	EndGlobalSection
EndGlobal
