
Microsoft Visual Studio Solution File, Format Version 12.00
# Visual Studio Version 16
VisualStudioVersion = 16.0.29102.190
MinimumVisualStudioVersion = 10.0.40219.1
Project("{8BC9CEB8-8B4A-11D0-8D11-00A0C91BC942}") = "mss32", "mss32.vcxproj", "{26E9486E-25D9-4FD1-8C41-B389880BBCFF}"
	ProjectSection(ProjectDependencies) = postProject
		{6533BDAE-0F0C-45E4-8FE7-ADD0F37FE063} = {6533BDAE-0F0C-45E4-8FE7-ADD0F37FE063}
	EndProjectSection
EndProject
Project("{8BC9CEB8-8B4A-11D0-8D11-00A0C91BC942}") = "LibStatic", "..\SLikeNet\Lib\LibStatic\LibStatic.vcxproj", "{6533BDAE-0F0C-45E4-8FE7-ADD0F37FE063}"
EndProject
Global
	GlobalSection(SolutionConfigurationPlatforms) = preSolution
		Debug - Unicode|x64 = Debug - Unicode|x64
		Debug - Unicode|x86 = Debug - Unicode|x86
		Debug|x64 = Debug|x64
		Debug|x86 = Debug|x86
		Release - Unicode|x64 = Release - Unicode|x64
		Release - Unicode|x86 = Release - Unicode|x86
		Release|x64 = Release|x64
		Release|x86 = Release|x86
		Retail - Unicode|x64 = Retail - Unicode|x64
		Retail - Unicode|x86 = Retail - Unicode|x86
		Retail|x64 = Retail|x64
		Retail|x86 = Retail|x86
	EndGlobalSection
	GlobalSection(ProjectConfigurationPlatforms) = postSolution
		{26E9486E-25D9-4FD1-8C41-B389880BBCFF}.Debug - Unicode|x64.ActiveCfg = Release|Win32
		{26E9486E-25D9-4FD1-8C41-B389880BBCFF}.Debug - Unicode|x64.Build.0 = Release|Win32
		{26E9486E-25D9-4FD1-8C41-B389880BBCFF}.Debug - Unicode|x86.ActiveCfg = Debug|Win32
		{26E9486E-25D9-4FD1-8C41-B389880BBCFF}.Debug - Unicode|x86.Build.0 = Debug|Win32
		{26E9486E-25D9-4FD1-8C41-B389880BBCFF}.Debug|x64.ActiveCfg = Debug|Win32
		{26E9486E-25D9-4FD1-8C41-B389880BBCFF}.Debug|x86.ActiveCfg = Debug|Win32
		{26E9486E-25D9-4FD1-8C41-B389880BBCFF}.Debug|x86.Build.0 = Debug|Win32
		{26E9486E-25D9-4FD1-8C41-B389880BBCFF}.Release - Unicode|x64.ActiveCfg = Release|Win32
		{26E9486E-25D9-4FD1-8C41-B389880BBCFF}.Release - Unicode|x64.Build.0 = Release|Win32
		{26E9486E-25D9-4FD1-8C41-B389880BBCFF}.Release - Unicode|x86.ActiveCfg = Release|Win32
		{26E9486E-25D9-4FD1-8C41-B389880BBCFF}.Release - Unicode|x86.Build.0 = Release|Win32
		{26E9486E-25D9-4FD1-8C41-B389880BBCFF}.Release|x64.ActiveCfg = Release|Win32
		{26E9486E-25D9-4FD1-8C41-B389880BBCFF}.Release|x86.ActiveCfg = Release|Win32
		{26E9486E-25D9-4FD1-8C41-B389880BBCFF}.Release|x86.Build.0 = Release|Win32
		{26E9486E-25D9-4FD1-8C41-B389880BBCFF}.Retail - Unicode|x64.ActiveCfg = Release|Win32
		{26E9486E-25D9-4FD1-8C41-B389880BBCFF}.Retail - Unicode|x64.Build.0 = Release|Win32
		{26E9486E-25D9-4FD1-8C41-B389880BBCFF}.Retail - Unicode|x86.ActiveCfg = Release|Win32
		{26E9486E-25D9-4FD1-8C41-B389880BBCFF}.Retail - Unicode|x86.Build.0 = Release|Win32
		{26E9486E-25D9-4FD1-8C41-B389880BBCFF}.Retail|x64.ActiveCfg = Release|Win32
		{26E9486E-25D9-4FD1-8C41-B389880BBCFF}.Retail|x64.Build.0 = Release|Win32
		{26E9486E-25D9-4FD1-8C41-B389880BBCFF}.Retail|x86.ActiveCfg = Release|Win32
		{26E9486E-25D9-4FD1-8C41-B389880BBCFF}.Retail|x86.Build.0 = Release|Win32
		{6533BDAE-0F0C-45E4-8FE7-ADD0F37FE063}.Debug - Unicode|x64.ActiveCfg = Debug - Unicode|x64
		{6533BDAE-0F0C-45E4-8FE7-ADD0F37FE063}.Debug - Unicode|x64.Build.0 = Debug - Unicode|x64
		{6533BDAE-0F0C-45E4-8FE7-ADD0F37FE063}.Debug - Unicode|x86.ActiveCfg = Debug - Unicode|Win32
		{6533BDAE-0F0C-45E4-8FE7-ADD0F37FE063}.Debug - Unicode|x86.Build.0 = Debug - Unicode|Win32
		{6533BDAE-0F0C-45E4-8FE7-ADD0F37FE063}.Debug|x64.ActiveCfg = Debug|x64
		{6533BDAE-0F0C-45E4-8FE7-ADD0F37FE063}.Debug|x64.Build.0 = Debug|x64
		{6533BDAE-0F0C-45E4-8FE7-ADD0F37FE063}.Debug|x86.ActiveCfg = Debug|Win32
		{6533BDAE-0F0C-45E4-8FE7-ADD0F37FE063}.Debug|x86.Build.0 = Debug|Win32
		{6533BDAE-0F0C-45E4-8FE7-ADD0F37FE063}.Release - Unicode|x64.ActiveCfg = Release - Unicode|x64
		{6533BDAE-0F0C-45E4-8FE7-ADD0F37FE063}.Release - Unicode|x64.Build.0 = Release - Unicode|x64
		{6533BDAE-0F0C-45E4-8FE7-ADD0F37FE063}.Release - Unicode|x86.ActiveCfg = Release - Unicode|Win32
		{6533BDAE-0F0C-45E4-8FE7-ADD0F37FE063}.Release - Unicode|x86.Build.0 = Release - Unicode|Win32
		{6533BDAE-0F0C-45E4-8FE7-ADD0F37FE063}.Release|x64.ActiveCfg = Release|x64
		{6533BDAE-0F0C-45E4-8FE7-ADD0F37FE063}.Release|x64.Build.0 = Release|x64
		{6533BDAE-0F0C-45E4-8FE7-ADD0F37FE063}.Release|x86.ActiveCfg = Release|Win32
		{6533BDAE-0F0C-45E4-8FE7-ADD0F37FE063}.Release|x86.Build.0 = Release|Win32
		{6533BDAE-0F0C-45E4-8FE7-ADD0F37FE063}.Retail - Unicode|x64.ActiveCfg = Retail - Unicode|x64
		{6533BDAE-0F0C-45E4-8FE7-ADD0F37FE063}.Retail - Unicode|x64.Build.0 = Retail - Unicode|x64
		{6533BDAE-0F0C-45E4-8FE7-ADD0F37FE063}.Retail - Unicode|x86.ActiveCfg = Retail - Unicode|Win32
		{6533BDAE-0F0C-45E4-8FE7-ADD0F37FE063}.Retail - Unicode|x86.Build.0 = Retail - Unicode|Win32
		{6533BDAE-0F0C-45E4-8FE7-ADD0F37FE063}.Retail|x64.ActiveCfg = Retail|x64
		{6533BDAE-0F0C-45E4-8FE7-ADD0F37FE063}.Retail|x64.Build.0 = Retail|x64
		{6533BDAE-0F0C-45E4-8FE7-ADD0F37FE063}.Retail|x86.ActiveCfg = Retail|Win32
		{6533BDAE-0F0C-45E4-8FE7-ADD0F37FE063}.Retail|x86.Build.0 = Retail|Win32
	EndGlobalSection
	GlobalSection(SolutionProperties) = preSolution
		HideSolutionNode = FALSE
	EndGlobalSection
	GlobalSection(ExtensibilityGlobals) = postSolution
		SolutionGuid = {F0C0A31F-E3A1-4B6E-A958-6F61E4F05E8C}
	EndGlobalSection
EndGlobal
